// !$*UTF8*$!
{
	archiveVersion = 1;
	classes = {
	};
	objectVersion = 55;
	objects = {

/* Begin PBXBuildFile section */
		04006E5228881CF200638813 /* GameRow.swift in Sources */ = {isa = PBXBuildFile; fileRef = 04006E5128881CF200638813 /* GameRow.swift */; };
		045B14722885148D007BF67D /* SoccerLeagueNewApp.swift in Sources */ = {isa = PBXBuildFile; fileRef = 045B14712885148D007BF67D /* SoccerLeagueNewApp.swift */; };
		045B14742885148D007BF67D /* ContentView.swift in Sources */ = {isa = PBXBuildFile; fileRef = 045B14732885148D007BF67D /* ContentView.swift */; };
		045B14762885148E007BF67D /* Assets.xcassets in Resources */ = {isa = PBXBuildFile; fileRef = 045B14752885148E007BF67D /* Assets.xcassets */; };
		045B14792885148E007BF67D /* Preview Assets.xcassets in Resources */ = {isa = PBXBuildFile; fileRef = 045B14782885148E007BF67D /* Preview Assets.xcassets */; };
		045B148028851890007BF67D /* LeagueVM.swift in Sources */ = {isa = PBXBuildFile; fileRef = 045B147F28851890007BF67D /* LeagueVM.swift */; };
		045B148928856CF2007BF67D /* EPLView.swift in Sources */ = {isa = PBXBuildFile; fileRef = 045B148828856CF2007BF67D /* EPLView.swift */; };
		045B148D2886A128007BF67D /* ScheduleCard.swift in Sources */ = {isa = PBXBuildFile; fileRef = 045B148C2886A128007BF67D /* ScheduleCard.swift */; };
		045B14902886A2A6007BF67D /* Data.swift in Sources */ = {isa = PBXBuildFile; fileRef = 045B148F2886A2A6007BF67D /* Data.swift */; };
		045CA9CF28892CDF00A6B814 /* RankingCard.swift in Sources */ = {isa = PBXBuildFile; fileRef = 045CA9CE28892CDF00A6B814 /* RankingCard.swift */; };
		045CA9D128892E9700A6B814 /* RankingRow.swift in Sources */ = {isa = PBXBuildFile; fileRef = 045CA9D028892E9700A6B814 /* RankingRow.swift */; };
		E33A6F51588E9B6D483F8D35 /* Pods_SoccerLeagueNew.framework in Frameworks */ = {isa = PBXBuildFile; fileRef = 1D03D5729EB1EE9AD8EAF244 /* Pods_SoccerLeagueNew.framework */; };
/* End PBXBuildFile section */

/* Begin PBXFileReference section */
		04006E5128881CF200638813 /* GameRow.swift */ = {isa = PBXFileReference; lastKnownFileType = sourcecode.swift; path = GameRow.swift; sourceTree = "<group>"; };
		045B146E2885148D007BF67D /* SoccerLeagueNew.app */ = {isa = PBXFileReference; explicitFileType = wrapper.application; includeInIndex = 0; path = SoccerLeagueNew.app; sourceTree = BUILT_PRODUCTS_DIR; };
		045B14712885148D007BF67D /* SoccerLeagueNewApp.swift */ = {isa = PBXFileReference; lastKnownFileType = sourcecode.swift; path = SoccerLeagueNewApp.swift; sourceTree = "<group>"; };
		045B14732885148D007BF67D /* ContentView.swift */ = {isa = PBXFileReference; lastKnownFileType = sourcecode.swift; path = ContentView.swift; sourceTree = "<group>"; };
		045B14752885148E007BF67D /* Assets.xcassets */ = {isa = PBXFileReference; lastKnownFileType = folder.assetcatalog; path = Assets.xcassets; sourceTree = "<group>"; };
		045B14782885148E007BF67D /* Preview Assets.xcassets */ = {isa = PBXFileReference; lastKnownFileType = folder.assetcatalog; path = "Preview Assets.xcassets"; sourceTree = "<group>"; };
		045B147F28851890007BF67D /* LeagueVM.swift */ = {isa = PBXFileReference; lastKnownFileType = sourcecode.swift; path = LeagueVM.swift; sourceTree = "<group>"; };
		045B148828856CF2007BF67D /* EPLView.swift */ = {isa = PBXFileReference; lastKnownFileType = sourcecode.swift; path = EPLView.swift; sourceTree = "<group>"; };
		045B148C2886A128007BF67D /* ScheduleCard.swift */ = {isa = PBXFileReference; lastKnownFileType = sourcecode.swift; path = ScheduleCard.swift; sourceTree = "<group>"; };
		045B148F2886A2A6007BF67D /* Data.swift */ = {isa = PBXFileReference; lastKnownFileType = sourcecode.swift; path = Data.swift; sourceTree = "<group>"; };
		045CA9CE28892CDF00A6B814 /* RankingCard.swift */ = {isa = PBXFileReference; lastKnownFileType = sourcecode.swift; path = RankingCard.swift; sourceTree = "<group>"; };
		045CA9D028892E9700A6B814 /* RankingRow.swift */ = {isa = PBXFileReference; lastKnownFileType = sourcecode.swift; path = RankingRow.swift; sourceTree = "<group>"; };
		1D03D5729EB1EE9AD8EAF244 /* Pods_SoccerLeagueNew.framework */ = {isa = PBXFileReference; explicitFileType = wrapper.framework; includeInIndex = 0; path = Pods_SoccerLeagueNew.framework; sourceTree = BUILT_PRODUCTS_DIR; };
		314DEE46F1B002BDADF1030D /* Pods-SoccerLeagueNew.debug.xcconfig */ = {isa = PBXFileReference; includeInIndex = 1; lastKnownFileType = text.xcconfig; name = "Pods-SoccerLeagueNew.debug.xcconfig"; path = "Target Support Files/Pods-SoccerLeagueNew/Pods-SoccerLeagueNew.debug.xcconfig"; sourceTree = "<group>"; };
		38161AB5E8C37DA1E1B3F941 /* Pods-SoccerLeagueNew.release.xcconfig */ = {isa = PBXFileReference; includeInIndex = 1; lastKnownFileType = text.xcconfig; name = "Pods-SoccerLeagueNew.release.xcconfig"; path = "Target Support Files/Pods-SoccerLeagueNew/Pods-SoccerLeagueNew.release.xcconfig"; sourceTree = "<group>"; };
/* End PBXFileReference section */

/* Begin PBXFrameworksBuildPhase section */
		045B146B2885148D007BF67D /* Frameworks */ = {
			isa = PBXFrameworksBuildPhase;
			buildActionMask = 2147483647;
			files = (
				E33A6F51588E9B6D483F8D35 /* Pods_SoccerLeagueNew.framework in Frameworks */,
			);
			runOnlyForDeploymentPostprocessing = 0;
		};
/* End PBXFrameworksBuildPhase section */

/* Begin PBXGroup section */
		045B14652885148D007BF67D = {
			isa = PBXGroup;
			children = (
				045B14702885148D007BF67D /* SoccerLeagueNew */,
				045B146F2885148D007BF67D /* Products */,
				ACA0D4108574E051E1EAE0BF /* Pods */,
				7F834E2A6187E333B1A24068 /* Frameworks */,
			);
			sourceTree = "<group>";
		};
		045B146F2885148D007BF67D /* Products */ = {
			isa = PBXGroup;
			children = (
				045B146E2885148D007BF67D /* SoccerLeagueNew.app */,
			);
			name = Products;
			sourceTree = "<group>";
		};
		045B14702885148D007BF67D /* SoccerLeagueNew */ = {
			isa = PBXGroup;
			children = (
				045B14712885148D007BF67D /* SoccerLeagueNewApp.swift */,
				045B14732885148D007BF67D /* ContentView.swift */,
				045B147F28851890007BF67D /* LeagueVM.swift */,
				045B148A28869B6D007BF67D /* Views */,
				045B148E2886A228007BF67D /* Model */,
				045B14752885148E007BF67D /* Assets.xcassets */,
				045B14772885148E007BF67D /* Preview Content */,
			);
			path = SoccerLeagueNew;
			sourceTree = "<group>";
		};
		045B14772885148E007BF67D /* Preview Content */ = {
			isa = PBXGroup;
			children = (
				045B14782885148E007BF67D /* Preview Assets.xcassets */,
			);
			path = "Preview Content";
			sourceTree = "<group>";
		};
		045B148A28869B6D007BF67D /* Views */ = {
			isa = PBXGroup;
			children = (
				045B148B28869B76007BF67D /* EPLView */,
			);
			path = Views;
			sourceTree = "<group>";
		};
		045B148B28869B76007BF67D /* EPLView */ = {
			isa = PBXGroup;
			children = (
				045B148828856CF2007BF67D /* EPLView.swift */,
				045B148C2886A128007BF67D /* ScheduleCard.swift */,
				04006E5128881CF200638813 /* GameRow.swift */,
				045CA9CE28892CDF00A6B814 /* RankingCard.swift */,
				045CA9D028892E9700A6B814 /* RankingRow.swift */,
			);
			path = EPLView;
			sourceTree = "<group>";
		};
		045B148E2886A228007BF67D /* Model */ = {
			isa = PBXGroup;
			children = (
				045B148F2886A2A6007BF67D /* Data.swift */,
			);
			path = Model;
			sourceTree = "<group>";
		};
		7F834E2A6187E333B1A24068 /* Frameworks */ = {
			isa = PBXGroup;
			children = (
				1D03D5729EB1EE9AD8EAF244 /* Pods_SoccerLeagueNew.framework */,
			);
			name = Frameworks;
			sourceTree = "<group>";
		};
		ACA0D4108574E051E1EAE0BF /* Pods */ = {
			isa = PBXGroup;
			children = (
				314DEE46F1B002BDADF1030D /* Pods-SoccerLeagueNew.debug.xcconfig */,
				38161AB5E8C37DA1E1B3F941 /* Pods-SoccerLeagueNew.release.xcconfig */,
			);
			path = Pods;
			sourceTree = "<group>";
		};
/* End PBXGroup section */

/* Begin PBXNativeTarget section */
		045B146D2885148D007BF67D /* SoccerLeagueNew */ = {
			isa = PBXNativeTarget;
			buildConfigurationList = 045B147C2885148E007BF67D /* Build configuration list for PBXNativeTarget "SoccerLeagueNew" */;
			buildPhases = (
				23341E4266E5DFD16E60A403 /* [CP] Check Pods Manifest.lock */,
				045B146A2885148D007BF67D /* Sources */,
				045B146B2885148D007BF67D /* Frameworks */,
				045B146C2885148D007BF67D /* Resources */,
				264412E32550D80FBEE8C632 /* [CP] Embed Pods Frameworks */,
			);
			buildRules = (
			);
			dependencies = (
			);
			name = SoccerLeagueNew;
			productName = SoccerLeagueNew;
			productReference = 045B146E2885148D007BF67D /* SoccerLeagueNew.app */;
			productType = "com.apple.product-type.application";
		};
/* End PBXNativeTarget section */

/* Begin PBXProject section */
		045B14662885148D007BF67D /* Project object */ = {
			isa = PBXProject;
			attributes = {
				BuildIndependentTargetsInParallel = 1;
				LastSwiftUpdateCheck = 1340;
				LastUpgradeCheck = 1340;
				TargetAttributes = {
					045B146D2885148D007BF67D = {
						CreatedOnToolsVersion = 13.4;
					};
				};
			};
			buildConfigurationList = 045B14692885148D007BF67D /* Build configuration list for PBXProject "SoccerLeagueNew" */;
			compatibilityVersion = "Xcode 13.0";
			developmentRegion = en;
			hasScannedForEncodings = 0;
			knownRegions = (
				en,
				Base,
			);
			mainGroup = 045B14652885148D007BF67D;
			productRefGroup = 045B146F2885148D007BF67D /* Products */;
			projectDirPath = "";
			projectRoot = "";
			targets = (
				045B146D2885148D007BF67D /* SoccerLeagueNew */,
			);
		};
/* End PBXProject section */

/* Begin PBXResourcesBuildPhase section */
		045B146C2885148D007BF67D /* Resources */ = {
			isa = PBXResourcesBuildPhase;
			buildActionMask = 2147483647;
			files = (
				045B14792885148E007BF67D /* Preview Assets.xcassets in Resources */,
				045B14762885148E007BF67D /* Assets.xcassets in Resources */,
			);
			runOnlyForDeploymentPostprocessing = 0;
		};
/* End PBXResourcesBuildPhase section */

/* Begin PBXShellScriptBuildPhase section */
		23341E4266E5DFD16E60A403 /* [CP] Check Pods Manifest.lock */ = {
			isa = PBXShellScriptBuildPhase;
			buildActionMask = 2147483647;
			files = (
			);
			inputFileListPaths = (
			);
			inputPaths = (
				"${PODS_PODFILE_DIR_PATH}/Podfile.lock",
				"${PODS_ROOT}/Manifest.lock",
			);
			name = "[CP] Check Pods Manifest.lock";
			outputFileListPaths = (
			);
			outputPaths = (
				"$(DERIVED_FILE_DIR)/Pods-SoccerLeagueNew-checkManifestLockResult.txt",
			);
			runOnlyForDeploymentPostprocessing = 0;
			shellPath = /bin/sh;
			shellScript = "diff \"${PODS_PODFILE_DIR_PATH}/Podfile.lock\" \"${PODS_ROOT}/Manifest.lock\" > /dev/null\nif [ $? != 0 ] ; then\n    # print error to STDERR\n    echo \"error: The sandbox is not in sync with the Podfile.lock. Run 'pod install' or update your CocoaPods installation.\" >&2\n    exit 1\nfi\n# This output is used by Xcode 'outputs' to avoid re-running this script phase.\necho \"SUCCESS\" > \"${SCRIPT_OUTPUT_FILE_0}\"\n";
			showEnvVarsInLog = 0;
		};
		264412E32550D80FBEE8C632 /* [CP] Embed Pods Frameworks */ = {
			isa = PBXShellScriptBuildPhase;
			buildActionMask = 2147483647;
			files = (
			);
			inputFileListPaths = (
				"${PODS_ROOT}/Target Support Files/Pods-SoccerLeagueNew/Pods-SoccerLeagueNew-frameworks-${CONFIGURATION}-input-files.xcfilelist",
			);
			name = "[CP] Embed Pods Frameworks";
			outputFileListPaths = (
				"${PODS_ROOT}/Target Support Files/Pods-SoccerLeagueNew/Pods-SoccerLeagueNew-frameworks-${CONFIGURATION}-output-files.xcfilelist",
			);
			runOnlyForDeploymentPostprocessing = 0;
			shellPath = /bin/sh;
			shellScript = "\"${PODS_ROOT}/Target Support Files/Pods-SoccerLeagueNew/Pods-SoccerLeagueNew-frameworks.sh\"\n";
			showEnvVarsInLog = 0;
		};
/* End PBXShellScriptBuildPhase section */

/* Begin PBXSourcesBuildPhase section */
		045B146A2885148D007BF67D /* Sources */ = {
			isa = PBXSourcesBuildPhase;
			buildActionMask = 2147483647;
			files = (
				045CA9CF28892CDF00A6B814 /* RankingCard.swift in Sources */,
				045B148928856CF2007BF67D /* EPLView.swift in Sources */,
				045CA9D128892E9700A6B814 /* RankingRow.swift in Sources */,
				045B14902886A2A6007BF67D /* Data.swift in Sources */,
				045B148D2886A128007BF67D /* ScheduleCard.swift in Sources */,
				045B14742885148D007BF67D /* ContentView.swift in Sources */,
				045B14722885148D007BF67D /* SoccerLeagueNewApp.swift in Sources */,
				045B148028851890007BF67D /* LeagueVM.swift in Sources */,
				04006E5228881CF200638813 /* GameRow.swift in Sources */,
			);
			runOnlyForDeploymentPostprocessing = 0;
		};
/* End PBXSourcesBuildPhase section */

/* Begin XCBuildConfiguration section */
		045B147A2885148E007BF67D /* Debug */ = {
			isa = XCBuildConfiguration;
			buildSettings = {
				ALWAYS_SEARCH_USER_PATHS = NO;
				CLANG_ANALYZER_NONNULL = YES;
				CLANG_ANALYZER_NUMBER_OBJECT_CONVERSION = YES_AGGRESSIVE;
				CLANG_CXX_LANGUAGE_STANDARD = "gnu++17";
				CLANG_ENABLE_MODULES = YES;
				CLANG_ENABLE_OBJC_ARC = YES;
				CLANG_ENABLE_OBJC_WEAK = YES;
				CLANG_WARN_BLOCK_CAPTURE_AUTORELEASING = YES;
				CLANG_WARN_BOOL_CONVERSION = YES;
				CLANG_WARN_COMMA = YES;
				CLANG_WARN_CONSTANT_CONVERSION = YES;
				CLANG_WARN_DEPRECATED_OBJC_IMPLEMENTATIONS = YES;
				CLANG_WARN_DIRECT_OBJC_ISA_USAGE = YES_ERROR;
				CLANG_WARN_DOCUMENTATION_COMMENTS = YES;
				CLANG_WARN_EMPTY_BODY = YES;
				CLANG_WARN_ENUM_CONVERSION = YES;
				CLANG_WARN_INFINITE_RECURSION = YES;
				CLANG_WARN_INT_CONVERSION = YES;
				CLANG_WARN_NON_LITERAL_NULL_CONVERSION = YES;
				CLANG_WARN_OBJC_IMPLICIT_RETAIN_SELF = YES;
				CLANG_WARN_OBJC_LITERAL_CONVERSION = YES;
				CLANG_WARN_OBJC_ROOT_CLASS = YES_ERROR;
				CLANG_WARN_QUOTED_INCLUDE_IN_FRAMEWORK_HEADER = YES;
				CLANG_WARN_RANGE_LOOP_ANALYSIS = YES;
				CLANG_WARN_STRICT_PROTOTYPES = YES;
				CLANG_WARN_SUSPICIOUS_MOVE = YES;
				CLANG_WARN_UNGUARDED_AVAILABILITY = YES_AGGRESSIVE;
				CLANG_WARN_UNREACHABLE_CODE = YES;
				CLANG_WARN__DUPLICATE_METHOD_MATCH = YES;
				COPY_PHASE_STRIP = NO;
				DEBUG_INFORMATION_FORMAT = dwarf;
				ENABLE_STRICT_OBJC_MSGSEND = YES;
				ENABLE_TESTABILITY = YES;
				GCC_C_LANGUAGE_STANDARD = gnu11;
				GCC_DYNAMIC_NO_PIC = NO;
				GCC_NO_COMMON_BLOCKS = YES;
				GCC_OPTIMIZATION_LEVEL = 0;
				GCC_PREPROCESSOR_DEFINITIONS = (
					"DEBUG=1",
					"$(inherited)",
				);
				GCC_WARN_64_TO_32_BIT_CONVERSION = YES;
				GCC_WARN_ABOUT_RETURN_TYPE = YES_ERROR;
				GCC_WARN_UNDECLARED_SELECTOR = YES;
				GCC_WARN_UNINITIALIZED_AUTOS = YES_AGGRESSIVE;
				GCC_WARN_UNUSED_FUNCTION = YES;
				GCC_WARN_UNUSED_VARIABLE = YES;
				IPHONEOS_DEPLOYMENT_TARGET = 15.0;
				MTL_ENABLE_DEBUG_INFO = INCLUDE_SOURCE;
				MTL_FAST_MATH = YES;
				ONLY_ACTIVE_ARCH = YES;
				SDKROOT = iphoneos;
				SWIFT_ACTIVE_COMPILATION_CONDITIONS = DEBUG;
				SWIFT_OPTIMIZATION_LEVEL = "-Onone";
			};
			name = Debug;
		};
		045B147B2885148E007BF67D /* Release */ = {
			isa = XCBuildConfiguration;
			buildSettings = {
				ALWAYS_SEARCH_USER_PATHS = NO;
				CLANG_ANALYZER_NONNULL = YES;
				CLANG_ANALYZER_NUMBER_OBJECT_CONVERSION = YES_AGGRESSIVE;
				CLANG_CXX_LANGUAGE_STANDARD = "gnu++17";
				CLANG_ENABLE_MODULES = YES;
				CLANG_ENABLE_OBJC_ARC = YES;
				CLANG_ENABLE_OBJC_WEAK = YES;
				CLANG_WARN_BLOCK_CAPTURE_AUTORELEASING = YES;
				CLANG_WARN_BOOL_CONVERSION = YES;
				CLANG_WARN_COMMA = YES;
				CLANG_WARN_CONSTANT_CONVERSION = YES;
				CLANG_WARN_DEPRECATED_OBJC_IMPLEMENTATIONS = YES;
				CLANG_WARN_DIRECT_OBJC_ISA_USAGE = YES_ERROR;
				CLANG_WARN_DOCUMENTATION_COMMENTS = YES;
				CLANG_WARN_EMPTY_BODY = YES;
				CLANG_WARN_ENUM_CONVERSION = YES;
				CLANG_WARN_INFINITE_RECURSION = YES;
				CLANG_WARN_INT_CONVERSION = YES;
				CLANG_WARN_NON_LITERAL_NULL_CONVERSION = YES;
				CLANG_WARN_OBJC_IMPLICIT_RETAIN_SELF = YES;
				CLANG_WARN_OBJC_LITERAL_CONVERSION = YES;
				CLANG_WARN_OBJC_ROOT_CLASS = YES_ERROR;
				CLANG_WARN_QUOTED_INCLUDE_IN_FRAMEWORK_HEADER = YES;
				CLANG_WARN_RANGE_LOOP_ANALYSIS = YES;
				CLANG_WARN_STRICT_PROTOTYPES = YES;
				CLANG_WARN_SUSPICIOUS_MOVE = YES;
				CLANG_WARN_UNGUARDED_AVAILABILITY = YES_AGGRESSIVE;
				CLANG_WARN_UNREACHABLE_CODE = YES;
				CLANG_WARN__DUPLICATE_METHOD_MATCH = YES;
				COPY_PHASE_STRIP = NO;
				DEBUG_INFORMATION_FORMAT = "dwarf-with-dsym";
				ENABLE_NS_ASSERTIONS = NO;
				ENABLE_STRICT_OBJC_MSGSEND = YES;
				GCC_C_LANGUAGE_STANDARD = gnu11;
				GCC_NO_COMMON_BLOCKS = YES;
				GCC_WARN_64_TO_32_BIT_CONVERSION = YES;
				GCC_WARN_ABOUT_RETURN_TYPE = YES_ERROR;
				GCC_WARN_UNDECLARED_SELECTOR = YES;
				GCC_WARN_UNINITIALIZED_AUTOS = YES_AGGRESSIVE;
				GCC_WARN_UNUSED_FUNCTION = YES;
				GCC_WARN_UNUSED_VARIABLE = YES;
				IPHONEOS_DEPLOYMENT_TARGET = 15.0;
				MTL_ENABLE_DEBUG_INFO = NO;
				MTL_FAST_MATH = YES;
				SDKROOT = iphoneos;
				SWIFT_COMPILATION_MODE = wholemodule;
				SWIFT_OPTIMIZATION_LEVEL = "-O";
				VALIDATE_PRODUCT = YES;
			};
			name = Release;
		};
		045B147D2885148E007BF67D /* Debug */ = {
			isa = XCBuildConfiguration;
			baseConfigurationReference = 314DEE46F1B002BDADF1030D /* Pods-SoccerLeagueNew.debug.xcconfig */;
			buildSettings = {
				ASSETCATALOG_COMPILER_APPICON_NAME = AppIcon;
				ASSETCATALOG_COMPILER_GLOBAL_ACCENT_COLOR_NAME = AccentColor;
				CODE_SIGN_STYLE = Automatic;
				CURRENT_PROJECT_VERSION = 1;
				DEVELOPMENT_ASSET_PATHS = "\"SoccerLeagueNew/Preview Content\"";
				DEVELOPMENT_TEAM = 7492YXB292;
				ENABLE_PREVIEWS = YES;
				GENERATE_INFOPLIST_FILE = YES;
				INFOPLIST_KEY_UIApplicationSceneManifest_Generation = YES;
				INFOPLIST_KEY_UIApplicationSupportsIndirectInputEvents = YES;
				INFOPLIST_KEY_UILaunchScreen_Generation = YES;
				INFOPLIST_KEY_UISupportedInterfaceOrientations_iPad = "UIInterfaceOrientationPortrait UIInterfaceOrientationPortraitUpsideDown UIInterfaceOrientationLandscapeLeft UIInterfaceOrientationLandscapeRight";
				INFOPLIST_KEY_UISupportedInterfaceOrientations_iPhone = "UIInterfaceOrientationPortrait UIInterfaceOrientationLandscapeLeft UIInterfaceOrientationLandscapeRight";
				LD_RUNPATH_SEARCH_PATHS = (
					"$(inherited)",
					"@executable_path/Frameworks",
				);
				MARKETING_VERSION = 1.0;
				PRODUCT_BUNDLE_IDENTIFIER = com.study.SoccerLeagueNew;
				PRODUCT_NAME = "$(TARGET_NAME)";
				SWIFT_EMIT_LOC_STRINGS = YES;
				SWIFT_VERSION = 5.0;
				TARGETED_DEVICE_FAMILY = "1,2";
			};
			name = Debug;
		};
		045B147E2885148E007BF67D /* Release */ = {
			isa = XCBuildConfiguration;
			baseConfigurationReference = 38161AB5E8C37DA1E1B3F941 /* Pods-SoccerLeagueNew.release.xcconfig */;
			buildSettings = {
				ASSETCATALOG_COMPILER_APPICON_NAME = AppIcon;
				ASSETCATALOG_COMPILER_GLOBAL_ACCENT_COLOR_NAME = AccentColor;
				CODE_SIGN_STYLE = Automatic;
				CURRENT_PROJECT_VERSION = 1;
				DEVELOPMENT_ASSET_PATHS = "\"SoccerLeagueNew/Preview Content\"";
				DEVELOPMENT_TEAM = 7492YXB292;
				ENABLE_PREVIEWS = YES;
				GENERATE_INFOPLIST_FILE = YES;
				INFOPLIST_KEY_UIApplicationSceneManifest_Generation = YES;
				INFOPLIST_KEY_UIApplicationSupportsIndirectInputEvents = YES;
				INFOPLIST_KEY_UILaunchScreen_Generation = YES;
				INFOPLIST_KEY_UISupportedInterfaceOrientations_iPad = "UIInterfaceOrientationPortrait UIInterfaceOrientationPortraitUpsideDown UIInterfaceOrientationLandscapeLeft UIInterfaceOrientationLandscapeRight";
				INFOPLIST_KEY_UISupportedInterfaceOrientations_iPhone = "UIInterfaceOrientationPortrait UIInterfaceOrientationLandscapeLeft UIInterfaceOrientationLandscapeRight";
				LD_RUNPATH_SEARCH_PATHS = (
					"$(inherited)",
					"@executable_path/Frameworks",
				);
				MARKETING_VERSION = 1.0;
				PRODUCT_BUNDLE_IDENTIFIER = com.study.SoccerLeagueNew;
				PRODUCT_NAME = "$(TARGET_NAME)";
				SWIFT_EMIT_LOC_STRINGS = YES;
				SWIFT_VERSION = 5.0;
				TARGETED_DEVICE_FAMILY = "1,2";
			};
			name = Release;
		};
/* End XCBuildConfiguration section */

/* Begin XCConfigurationList section */
		045B14692885148D007BF67D /* Build configuration list for PBXProject "SoccerLeagueNew" */ = {
			isa = XCConfigurationList;
			buildConfigurations = (
				045B147A2885148E007BF67D /* Debug */,
				045B147B2885148E007BF67D /* Release */,
			);
			defaultConfigurationIsVisible = 0;
			defaultConfigurationName = Release;
		};
		045B147C2885148E007BF67D /* Build configuration list for PBXNativeTarget "SoccerLeagueNew" */ = {
			isa = XCConfigurationList;
			buildConfigurations = (
				045B147D2885148E007BF67D /* Debug */,
				045B147E2885148E007BF67D /* Release */,
			);
			defaultConfigurationIsVisible = 0;
			defaultConfigurationName = Release;
		};
/* End XCConfigurationList section */
	};
	rootObject = 045B14662885148D007BF67D /* Project object */;
}
